{
  "version": 1,
  "dependencies": {
    "net6.0": {
      "Microsoft.VisualStudio.Azure.Containers.Tools.Targets": {
        "type": "Direct",
        "requested": "[1.10.14, )",
        "resolved": "1.10.14",
        "contentHash": "vjweoaSTnMiJY4Ts4/9xHt3vStk36q8FRXxvwqSx7YjdXTbQE0i/JxncHeL6vsdE1+4sn6of2/eLQeGZ43eL2Q=="
      }
    }
  }
}