{
  "version": 4,
  "terraform_version": "1.2.9",
  "serial": 14,
  "lineage": "8a48fe66-34a7-0fba-1848-4bf2e3fcc1ac",
  "outputs": {},
  "resources": [
    {
      "mode": "managed",
      "type": "azurerm_postgresql_database",
      "name": "IWA-rg-DevDB",
      "provider": "provider[\"registry.terraform.io/hashicorp/azurerm\"]",
      "instances": [
        {
          "schema_version": 1,
          "attributes": {
            "charset": "UTF8",
            "collation": "English_United States.1252",
            "id": "/subscriptions/44b0208c-97df-4005-b5dd-6ff3eb829505/resourceGroups/iwa-rg-pgsql/providers/Microsoft.DBforPostgreSQL/servers/iwa-postgresql-server-1/databases/iwa-dev",
            "name": "iwa-dev",
            "resource_group_name": "iwa-rg-pgsql",
            "server_name": "iwa-postgresql-server-1",
            "timeouts": null
          },
          "sensitive_attributes": [],
          "private": "eyJlMmJmYjczMC1lY2FhLTExZTYtOGY4OC0zNDM2M2JjN2M0YzAiOnsiY3JlYXRlIjozNjAwMDAwMDAwMDAwLCJkZWxldGUiOjM2MDAwMDAwMDAwMDAsInJlYWQiOjMwMDAwMDAwMDAwMCwidXBkYXRlIjozNjAwMDAwMDAwMDAwfSwic2NoZW1hX3ZlcnNpb24iOiIxIn0=",
          "dependencies": [
            "azurerm_postgresql_server.IWA-rg-pg-server",
            "azurerm_resource_group.IWA-rg-Dev"
          ]
        }
      ]
    },
    {
      "mode": "managed",
      "type": "azurerm_postgresql_firewall_rule",
      "name": "IWA-rg-pg-firewall",
      "provider": "provider[\"registry.terraform.io/hashicorp/azurerm\"]",
      "instances": [
        {
          "schema_version": 0,
          "attributes": {
            "end_ip_address": "49.36.144.35",
            "id": "/subscriptions/44b0208c-97df-4005-b5dd-6ff3eb829505/resourceGroups/iwa-rg-pgsql/providers/Microsoft.DBforPostgreSQL/servers/iwa-postgresql-server-1/firewallRules/access-from-desktop",
            "name": "access-from-desktop",
            "resource_group_name": "iwa-rg-pgsql",
            "server_name": "iwa-postgresql-server-1",
            "start_ip_address": "49.36.144.35",
            "timeouts": null
          },
          "sensitive_attributes": [],
          "private": "eyJlMmJmYjczMC1lY2FhLTExZTYtOGY4OC0zNDM2M2JjN2M0YzAiOnsiY3JlYXRlIjoxODAwMDAwMDAwMDAwLCJkZWxldGUiOjE4MDAwMDAwMDAwMDAsInJlYWQiOjMwMDAwMDAwMDAwMCwidXBkYXRlIjoxODAwMDAwMDAwMDAwfX0=",
          "dependencies": [
            "azurerm_postgresql_server.IWA-rg-pg-server",
            "azurerm_resource_group.IWA-rg-Dev"
          ]
        }
      ]
    },
    {
      "mode": "managed",
      "type": "azurerm_postgresql_server",
      "name": "IWA-rg-pg-server",
      "provider": "provider[\"registry.terraform.io/hashicorp/azurerm\"]",
      "instances": [
        {
          "schema_version": 1,
          "attributes": {
            "administrator_login": "iwaadmin",
            "administrator_login_password": "novell@123",
            "auto_grow_enabled": true,
            "backup_retention_days": 7,
            "create_mode": "Default",
            "creation_source_server_id": null,
            "fqdn": "iwa-postgresql-server-1.postgres.database.azure.com",
            "geo_redundant_backup_enabled": false,
            "id": "/subscriptions/44b0208c-97df-4005-b5dd-6ff3eb829505/resourceGroups/iwa-rg-pgsql/providers/Microsoft.DBforPostgreSQL/servers/iwa-postgresql-server-1",
            "identity": [],
            "infrastructure_encryption_enabled": false,
            "location": "canadacentral",
            "name": "iwa-postgresql-server-1",
            "public_network_access_enabled": true,
            "resource_group_name": "iwa-rg-pgsql",
            "restore_point_in_time": null,
            "sku_name": "GP_Gen5_8",
            "ssl_enforcement_enabled": false,
            "ssl_minimal_tls_version_enforced": "TLSEnforcementDisabled",
            "storage_mb": 640000,
            "tags": {
              "Environment": "Development",
              "Owner": "IWA_Dev",
              "Terraform": "True"
            },
            "threat_detection_policy": [],
            "timeouts": null,
            "version": "9.6"
          },
          "sensitive_attributes": [],
          "private": "eyJlMmJmYjczMC1lY2FhLTExZTYtOGY4OC0zNDM2M2JjN2M0YzAiOnsiY3JlYXRlIjozNjAwMDAwMDAwMDAwLCJkZWxldGUiOjM2MDAwMDAwMDAwMDAsInJlYWQiOjMwMDAwMDAwMDAwMCwidXBkYXRlIjozNjAwMDAwMDAwMDAwfSwic2NoZW1hX3ZlcnNpb24iOiIxIn0=",
          "dependencies": [
            "azurerm_resource_group.IWA-rg-Dev"
          ]
        }
      ]
    },
    {
      "mode": "managed",
      "type": "azurerm_resource_group",
      "name": "IWA-rg-Dev",
      "provider": "provider[\"registry.terraform.io/hashicorp/azurerm\"]",
      "instances": [
        {
          "schema_version": 0,
          "attributes": {
            "id": "/subscriptions/44b0208c-97df-4005-b5dd-6ff3eb829505/resourceGroups/iwa-rg-pgsql",
            "location": "canadacentral",
            "name": "iwa-rg-pgsql",
            "tags": {},
            "timeouts": null
          },
          "sensitive_attributes": [],
          "private": "eyJlMmJmYjczMC1lY2FhLTExZTYtOGY4OC0zNDM2M2JjN2M0YzAiOnsiY3JlYXRlIjo1NDAwMDAwMDAwMDAwLCJkZWxldGUiOjU0MDAwMDAwMDAwMDAsInJlYWQiOjMwMDAwMDAwMDAwMCwidXBkYXRlIjo1NDAwMDAwMDAwMDAwfX0="
        }
      ]
    }
  ]
}
